
Microsoft Visual Studio Solution File, Format Version 12.00
# Visual Studio Version 16
VisualStudioVersion = 16.0.808.4
MinimumVisualStudioVersion = 10.0.40219.1
Project("{FAE04EC0-301F-11D3-BF4B-00C04F79EFBC}") = "CryptoWallet.Android", "CryptoWallet.Android\CryptoWallet.Android.csproj", "{201A76E9-9796-4875-ABE2-CA5032C4AEC8}"
EndProject
Project("{FAE04EC0-301F-11D3-BF4B-00C04F79EFBC}") = "CryptoWallet.iOS", "CryptoWallet.iOS\CryptoWallet.iOS.csproj", "{5C31FAA1-789C-4EC8-9ACC-F995C3DD21CA}"
EndProject
Project("{FAE04EC0-301F-11D3-BF4B-00C04F79EFBC}") = "CryptoWallet", "CryptoWallet\CryptoWallet.csproj", "{3F6954BF-7327-4F9F-9129-BB6B47A64655}"
EndProject
Global
	GlobalSection(SolutionConfigurationPlatforms) = preSolution
		Debug|Any CPU = Debug|Any CPU
		Release|Any CPU = Release|Any CPU
		Debug|iPhoneSimulator = Debug|iPhoneSimulator
		Release|iPhoneSimulator = Release|iPhoneSimulator
		Debug|iPhone = Debug|iPhone
		Release|iPhone = Release|iPhone
	EndGlobalSection
	GlobalSection(ProjectConfigurationPlatforms) = postSolution
		{201A76E9-9796-4875-ABE2-CA5032C4AEC8}.Debug|Any CPU.ActiveCfg = Debug|Any CPU
		{201A76E9-9796-4875-ABE2-CA5032C4AEC8}.Debug|Any CPU.Build.0 = Debug|Any CPU
		{201A76E9-9796-4875-ABE2-CA5032C4AEC8}.Release|Any CPU.ActiveCfg = Release|Any CPU
		{201A76E9-9796-4875-ABE2-CA5032C4AEC8}.Release|Any CPU.Build.0 = Release|Any CPU
		{201A76E9-9796-4875-ABE2-CA5032C4AEC8}.Debug|iPhoneSimulator.ActiveCfg = Debug|Any CPU
		{201A76E9-9796-4875-ABE2-CA5032C4AEC8}.Debug|iPhoneSimulator.Build.0 = Debug|Any CPU
		{201A76E9-9796-4875-ABE2-CA5032C4AEC8}.Release|iPhoneSimulator.ActiveCfg = Release|Any CPU
		{201A76E9-9796-4875-ABE2-CA5032C4AEC8}.Release|iPhoneSimulator.Build.0 = Release|Any CPU
		{201A76E9-9796-4875-ABE2-CA5032C4AEC8}.Debug|iPhone.ActiveCfg = Debug|Any CPU
		{201A76E9-9796-4875-ABE2-CA5032C4AEC8}.Debug|iPhone.Build.0 = Debug|Any CPU
		{201A76E9-9796-4875-ABE2-CA5032C4AEC8}.Release|iPhone.ActiveCfg = Release|Any CPU
		{201A76E9-9796-4875-ABE2-CA5032C4AEC8}.Release|iPhone.Build.0 = Release|Any CPU
		{5C31FAA1-789C-4EC8-9ACC-F995C3DD21CA}.Debug|Any CPU.ActiveCfg = Debug|iPhoneSimulator
		{5C31FAA1-789C-4EC8-9ACC-F995C3DD21CA}.Debug|Any CPU.Build.0 = Debug|iPhoneSimulator
		{5C31FAA1-789C-4EC8-9ACC-F995C3DD21CA}.Release|Any CPU.ActiveCfg = Release|iPhoneSimulator
		{5C31FAA1-789C-4EC8-9ACC-F995C3DD21CA}.Release|Any CPU.Build.0 = Release|iPhoneSimulator
		{5C31FAA1-789C-4EC8-9ACC-F995C3DD21CA}.Debug|iPhoneSimulator.ActiveCfg = Debug|iPhoneSimulator
		{5C31FAA1-789C-4EC8-9ACC-F995C3DD21CA}.Debug|iPhoneSimulator.Build.0 = Debug|iPhoneSimulator
		{5C31FAA1-789C-4EC8-9ACC-F995C3DD21CA}.Release|iPhoneSimulator.ActiveCfg = Release|iPhoneSimulator
		{5C31FAA1-789C-4EC8-9ACC-F995C3DD21CA}.Release|iPhoneSimulator.Build.0 = Release|iPhoneSimulator
		{5C31FAA1-789C-4EC8-9ACC-F995C3DD21CA}.Debug|iPhone.ActiveCfg = Debug|iPhone
		{5C31FAA1-789C-4EC8-9ACC-F995C3DD21CA}.Debug|iPhone.Build.0 = Debug|iPhone
		{5C31FAA1-789C-4EC8-9ACC-F995C3DD21CA}.Release|iPhone.ActiveCfg = Release|iPhone
		{5C31FAA1-789C-4EC8-9ACC-F995C3DD21CA}.Release|iPhone.Build.0 = Release|iPhone
		{3F6954BF-7327-4F9F-9129-BB6B47A64655}.Debug|Any CPU.ActiveCfg = Debug|Any CPU
		{3F6954BF-7327-4F9F-9129-BB6B47A64655}.Debug|Any CPU.Build.0 = Debug|Any CPU
		{3F6954BF-7327-4F9F-9129-BB6B47A64655}.Release|Any CPU.ActiveCfg = Release|Any CPU
		{3F6954BF-7327-4F9F-9129-BB6B47A64655}.Release|Any CPU.Build.0 = Release|Any CPU
		{3F6954BF-7327-4F9F-9129-BB6B47A64655}.Debug|iPhoneSimulator.ActiveCfg = Debug|Any CPU
		{3F6954BF-7327-4F9F-9129-BB6B47A64655}.Debug|iPhoneSimulator.Build.0 = Debug|Any CPU
		{3F6954BF-7327-4F9F-9129-BB6B47A64655}.Release|iPhoneSimulator.ActiveCfg = Release|Any CPU
		{3F6954BF-7327-4F9F-9129-BB6B47A64655}.Release|iPhoneSimulator.Build.0 = Release|Any CPU
		{3F6954BF-7327-4F9F-9129-BB6B47A64655}.Debug|iPhone.ActiveCfg = Debug|Any CPU
		{3F6954BF-7327-4F9F-9129-BB6B47A64655}.Debug|iPhone.Build.0 = Debug|Any CPU
		{3F6954BF-7327-4F9F-9129-BB6B47A64655}.Release|iPhone.ActiveCfg = Release|Any CPU
		{3F6954BF-7327-4F9F-9129-BB6B47A64655}.Release|iPhone.Build.0 = Release|Any CPU
	EndGlobalSection
	GlobalSection(SolutionProperties) = preSolution
		HideSolutionNode = FALSE
	EndGlobalSection
	GlobalSection(ExtensibilityGlobals) = postSolution
		SolutionGuid = {8D455193-A508-4020-BB40-A05427E471A1}
	EndGlobalSection
EndGlobal
