
Microsoft Visual Studio Solution File, Format Version 12.00
# Visual Studio Version 16
VisualStudioVersion = 16.0.808.10
MinimumVisualStudioVersion = 10.0.40219.1
Project("{FAE04EC0-301F-11D3-BF4B-00C04F79EFBC}") = "todo.Android", "todo.Android\todo.Android.csproj", "{2B025FF2-06A0-4C88-8F00-57646956030F}"
EndProject
Project("{FAE04EC0-301F-11D3-BF4B-00C04F79EFBC}") = "todo.iOS", "todo.iOS\todo.iOS.csproj", "{BE9AA4E4-E70B-4BE6-BE6F-D7BD682002E0}"
EndProject
Project("{FAE04EC0-301F-11D3-BF4B-00C04F79EFBC}") = "todo", "todo\todo.csproj", "{A8A39BD8-F160-44D9-9319-150581766965}"
EndProject
Project("{FAE04EC0-301F-11D3-BF4B-00C04F79EFBC}") = "Todo.Tests", "Todo.Tests\Todo.Tests.csproj", "{3A3AE922-0FF8-4D75-9ED3-431F6975C869}"
EndProject
Global
	GlobalSection(SolutionConfigurationPlatforms) = preSolution
		Debug|Any CPU = Debug|Any CPU
		Release|Any CPU = Release|Any CPU
		Debug|iPhoneSimulator = Debug|iPhoneSimulator
		Release|iPhoneSimulator = Release|iPhoneSimulator
		Debug|iPhone = Debug|iPhone
		Release|iPhone = Release|iPhone
	EndGlobalSection
	GlobalSection(ProjectConfigurationPlatforms) = postSolution
		{2B025FF2-06A0-4C88-8F00-57646956030F}.Debug|Any CPU.ActiveCfg = Debug|Any CPU
		{2B025FF2-06A0-4C88-8F00-57646956030F}.Debug|Any CPU.Build.0 = Debug|Any CPU
		{2B025FF2-06A0-4C88-8F00-57646956030F}.Release|Any CPU.ActiveCfg = Release|Any CPU
		{2B025FF2-06A0-4C88-8F00-57646956030F}.Release|Any CPU.Build.0 = Release|Any CPU
		{2B025FF2-06A0-4C88-8F00-57646956030F}.Debug|iPhoneSimulator.ActiveCfg = Debug|Any CPU
		{2B025FF2-06A0-4C88-8F00-57646956030F}.Debug|iPhoneSimulator.Build.0 = Debug|Any CPU
		{2B025FF2-06A0-4C88-8F00-57646956030F}.Release|iPhoneSimulator.ActiveCfg = Release|Any CPU
		{2B025FF2-06A0-4C88-8F00-57646956030F}.Release|iPhoneSimulator.Build.0 = Release|Any CPU
		{2B025FF2-06A0-4C88-8F00-57646956030F}.Debug|iPhone.ActiveCfg = Debug|Any CPU
		{2B025FF2-06A0-4C88-8F00-57646956030F}.Debug|iPhone.Build.0 = Debug|Any CPU
		{2B025FF2-06A0-4C88-8F00-57646956030F}.Release|iPhone.ActiveCfg = Release|Any CPU
		{2B025FF2-06A0-4C88-8F00-57646956030F}.Release|iPhone.Build.0 = Release|Any CPU
		{BE9AA4E4-E70B-4BE6-BE6F-D7BD682002E0}.Debug|Any CPU.ActiveCfg = Debug|iPhoneSimulator
		{BE9AA4E4-E70B-4BE6-BE6F-D7BD682002E0}.Debug|Any CPU.Build.0 = Debug|iPhoneSimulator
		{BE9AA4E4-E70B-4BE6-BE6F-D7BD682002E0}.Release|Any CPU.ActiveCfg = Release|iPhoneSimulator
		{BE9AA4E4-E70B-4BE6-BE6F-D7BD682002E0}.Release|Any CPU.Build.0 = Release|iPhoneSimulator
		{BE9AA4E4-E70B-4BE6-BE6F-D7BD682002E0}.Debug|iPhoneSimulator.ActiveCfg = Debug|iPhoneSimulator
		{BE9AA4E4-E70B-4BE6-BE6F-D7BD682002E0}.Debug|iPhoneSimulator.Build.0 = Debug|iPhoneSimulator
		{BE9AA4E4-E70B-4BE6-BE6F-D7BD682002E0}.Release|iPhoneSimulator.ActiveCfg = Release|iPhoneSimulator
		{BE9AA4E4-E70B-4BE6-BE6F-D7BD682002E0}.Release|iPhoneSimulator.Build.0 = Release|iPhoneSimulator
		{BE9AA4E4-E70B-4BE6-BE6F-D7BD682002E0}.Debug|iPhone.ActiveCfg = Debug|iPhone
		{BE9AA4E4-E70B-4BE6-BE6F-D7BD682002E0}.Debug|iPhone.Build.0 = Debug|iPhone
		{BE9AA4E4-E70B-4BE6-BE6F-D7BD682002E0}.Release|iPhone.ActiveCfg = Release|iPhone
		{BE9AA4E4-E70B-4BE6-BE6F-D7BD682002E0}.Release|iPhone.Build.0 = Release|iPhone
		{A8A39BD8-F160-44D9-9319-150581766965}.Debug|Any CPU.ActiveCfg = Debug|Any CPU
		{A8A39BD8-F160-44D9-9319-150581766965}.Debug|Any CPU.Build.0 = Debug|Any CPU
		{A8A39BD8-F160-44D9-9319-150581766965}.Release|Any CPU.ActiveCfg = Release|Any CPU
		{A8A39BD8-F160-44D9-9319-150581766965}.Release|Any CPU.Build.0 = Release|Any CPU
		{A8A39BD8-F160-44D9-9319-150581766965}.Debug|iPhoneSimulator.ActiveCfg = Debug|Any CPU
		{A8A39BD8-F160-44D9-9319-150581766965}.Debug|iPhoneSimulator.Build.0 = Debug|Any CPU
		{A8A39BD8-F160-44D9-9319-150581766965}.Release|iPhoneSimulator.ActiveCfg = Release|Any CPU
		{A8A39BD8-F160-44D9-9319-150581766965}.Release|iPhoneSimulator.Build.0 = Release|Any CPU
		{A8A39BD8-F160-44D9-9319-150581766965}.Debug|iPhone.ActiveCfg = Debug|Any CPU
		{A8A39BD8-F160-44D9-9319-150581766965}.Debug|iPhone.Build.0 = Debug|Any CPU
		{A8A39BD8-F160-44D9-9319-150581766965}.Release|iPhone.ActiveCfg = Release|Any CPU
		{A8A39BD8-F160-44D9-9319-150581766965}.Release|iPhone.Build.0 = Release|Any CPU
		{3A3AE922-0FF8-4D75-9ED3-431F6975C869}.Debug|Any CPU.ActiveCfg = Debug|Any CPU
		{3A3AE922-0FF8-4D75-9ED3-431F6975C869}.Debug|Any CPU.Build.0 = Debug|Any CPU
		{3A3AE922-0FF8-4D75-9ED3-431F6975C869}.Release|Any CPU.ActiveCfg = Release|Any CPU
		{3A3AE922-0FF8-4D75-9ED3-431F6975C869}.Release|Any CPU.Build.0 = Release|Any CPU
		{3A3AE922-0FF8-4D75-9ED3-431F6975C869}.Debug|iPhoneSimulator.ActiveCfg = Debug|Any CPU
		{3A3AE922-0FF8-4D75-9ED3-431F6975C869}.Debug|iPhoneSimulator.Build.0 = Debug|Any CPU
		{3A3AE922-0FF8-4D75-9ED3-431F6975C869}.Release|iPhoneSimulator.ActiveCfg = Release|Any CPU
		{3A3AE922-0FF8-4D75-9ED3-431F6975C869}.Release|iPhoneSimulator.Build.0 = Release|Any CPU
		{3A3AE922-0FF8-4D75-9ED3-431F6975C869}.Debug|iPhone.ActiveCfg = Debug|Any CPU
		{3A3AE922-0FF8-4D75-9ED3-431F6975C869}.Debug|iPhone.Build.0 = Debug|Any CPU
		{3A3AE922-0FF8-4D75-9ED3-431F6975C869}.Release|iPhone.ActiveCfg = Release|Any CPU
		{3A3AE922-0FF8-4D75-9ED3-431F6975C869}.Release|iPhone.Build.0 = Release|Any CPU
	EndGlobalSection
	GlobalSection(SolutionProperties) = preSolution
		HideSolutionNode = FALSE
	EndGlobalSection
	GlobalSection(ExtensibilityGlobals) = postSolution
		SolutionGuid = {6C086617-DAEC-42DA-9D48-B36E111327C7}
	EndGlobalSection
EndGlobal
