
Microsoft Visual Studio Solution File, Format Version 12.00
# Visual Studio Version 16
VisualStudioVersion = 16.0.808.4
MinimumVisualStudioVersion = 10.0.40219.1
Project("{FAE04EC0-301F-11D3-BF4B-00C04F79EFBC}") = "Cryptollet.Android", "Cryptollet.Android\Cryptollet.Android.csproj", "{A01D75AA-E22E-4A99-BF01-B564D4A73B6D}"
EndProject
Project("{FAE04EC0-301F-11D3-BF4B-00C04F79EFBC}") = "Cryptollet.iOS", "Cryptollet.iOS\Cryptollet.iOS.csproj", "{40071FA3-7F64-4015-B04F-A58EFC19BF28}"
EndProject
Project("{FAE04EC0-301F-11D3-BF4B-00C04F79EFBC}") = "Cryptollet", "Cryptollet\Cryptollet.csproj", "{083D8604-C5C3-44EC-A6AE-E8DCCBA6895F}"
EndProject
Global
	GlobalSection(SolutionConfigurationPlatforms) = preSolution
		Debug|Any CPU = Debug|Any CPU
		Release|Any CPU = Release|Any CPU
		Debug|iPhoneSimulator = Debug|iPhoneSimulator
		Release|iPhoneSimulator = Release|iPhoneSimulator
		Debug|iPhone = Debug|iPhone
		Release|iPhone = Release|iPhone
	EndGlobalSection
	GlobalSection(ProjectConfigurationPlatforms) = postSolution
		{A01D75AA-E22E-4A99-BF01-B564D4A73B6D}.Debug|Any CPU.ActiveCfg = Debug|Any CPU
		{A01D75AA-E22E-4A99-BF01-B564D4A73B6D}.Debug|Any CPU.Build.0 = Debug|Any CPU
		{A01D75AA-E22E-4A99-BF01-B564D4A73B6D}.Release|Any CPU.ActiveCfg = Release|Any CPU
		{A01D75AA-E22E-4A99-BF01-B564D4A73B6D}.Release|Any CPU.Build.0 = Release|Any CPU
		{A01D75AA-E22E-4A99-BF01-B564D4A73B6D}.Debug|iPhoneSimulator.ActiveCfg = Debug|Any CPU
		{A01D75AA-E22E-4A99-BF01-B564D4A73B6D}.Debug|iPhoneSimulator.Build.0 = Debug|Any CPU
		{A01D75AA-E22E-4A99-BF01-B564D4A73B6D}.Release|iPhoneSimulator.ActiveCfg = Release|Any CPU
		{A01D75AA-E22E-4A99-BF01-B564D4A73B6D}.Release|iPhoneSimulator.Build.0 = Release|Any CPU
		{A01D75AA-E22E-4A99-BF01-B564D4A73B6D}.Debug|iPhone.ActiveCfg = Debug|Any CPU
		{A01D75AA-E22E-4A99-BF01-B564D4A73B6D}.Debug|iPhone.Build.0 = Debug|Any CPU
		{A01D75AA-E22E-4A99-BF01-B564D4A73B6D}.Release|iPhone.ActiveCfg = Release|Any CPU
		{A01D75AA-E22E-4A99-BF01-B564D4A73B6D}.Release|iPhone.Build.0 = Release|Any CPU
		{40071FA3-7F64-4015-B04F-A58EFC19BF28}.Debug|Any CPU.ActiveCfg = Debug|iPhoneSimulator
		{40071FA3-7F64-4015-B04F-A58EFC19BF28}.Debug|Any CPU.Build.0 = Debug|iPhoneSimulator
		{40071FA3-7F64-4015-B04F-A58EFC19BF28}.Release|Any CPU.ActiveCfg = Release|iPhoneSimulator
		{40071FA3-7F64-4015-B04F-A58EFC19BF28}.Release|Any CPU.Build.0 = Release|iPhoneSimulator
		{40071FA3-7F64-4015-B04F-A58EFC19BF28}.Debug|iPhoneSimulator.ActiveCfg = Debug|iPhoneSimulator
		{40071FA3-7F64-4015-B04F-A58EFC19BF28}.Debug|iPhoneSimulator.Build.0 = Debug|iPhoneSimulator
		{40071FA3-7F64-4015-B04F-A58EFC19BF28}.Release|iPhoneSimulator.ActiveCfg = Release|iPhoneSimulator
		{40071FA3-7F64-4015-B04F-A58EFC19BF28}.Release|iPhoneSimulator.Build.0 = Release|iPhoneSimulator
		{40071FA3-7F64-4015-B04F-A58EFC19BF28}.Debug|iPhone.ActiveCfg = Debug|iPhone
		{40071FA3-7F64-4015-B04F-A58EFC19BF28}.Debug|iPhone.Build.0 = Debug|iPhone
		{40071FA3-7F64-4015-B04F-A58EFC19BF28}.Release|iPhone.ActiveCfg = Release|iPhone
		{40071FA3-7F64-4015-B04F-A58EFC19BF28}.Release|iPhone.Build.0 = Release|iPhone
		{083D8604-C5C3-44EC-A6AE-E8DCCBA6895F}.Debug|Any CPU.ActiveCfg = Debug|Any CPU
		{083D8604-C5C3-44EC-A6AE-E8DCCBA6895F}.Debug|Any CPU.Build.0 = Debug|Any CPU
		{083D8604-C5C3-44EC-A6AE-E8DCCBA6895F}.Release|Any CPU.ActiveCfg = Release|Any CPU
		{083D8604-C5C3-44EC-A6AE-E8DCCBA6895F}.Release|Any CPU.Build.0 = Release|Any CPU
		{083D8604-C5C3-44EC-A6AE-E8DCCBA6895F}.Debug|iPhoneSimulator.ActiveCfg = Debug|Any CPU
		{083D8604-C5C3-44EC-A6AE-E8DCCBA6895F}.Debug|iPhoneSimulator.Build.0 = Debug|Any CPU
		{083D8604-C5C3-44EC-A6AE-E8DCCBA6895F}.Release|iPhoneSimulator.ActiveCfg = Release|Any CPU
		{083D8604-C5C3-44EC-A6AE-E8DCCBA6895F}.Release|iPhoneSimulator.Build.0 = Release|Any CPU
		{083D8604-C5C3-44EC-A6AE-E8DCCBA6895F}.Debug|iPhone.ActiveCfg = Debug|Any CPU
		{083D8604-C5C3-44EC-A6AE-E8DCCBA6895F}.Debug|iPhone.Build.0 = Debug|Any CPU
		{083D8604-C5C3-44EC-A6AE-E8DCCBA6895F}.Release|iPhone.ActiveCfg = Release|Any CPU
		{083D8604-C5C3-44EC-A6AE-E8DCCBA6895F}.Release|iPhone.Build.0 = Release|Any CPU
	EndGlobalSection
	GlobalSection(SolutionProperties) = preSolution
		HideSolutionNode = FALSE
	EndGlobalSection
	GlobalSection(ExtensibilityGlobals) = postSolution
		SolutionGuid = {928387DA-B973-474C-95A5-F87C5525140E}
	EndGlobalSection
EndGlobal
